
Microsoft Visual Studio Solution File, Format Version 12.00
# Visual Studio Version 17
VisualStudioVersion = 17.13.35913.81
MinimumVisualStudioVersion = 10.0.40219.1
Project("{FAE04EC0-301F-11D3-BF4B-00C04F79EFBC}") = "IMDb_code", "SWELab1\IMDb_code.csproj", "{B38BE960-C5E3-409A-BEEE-5493EF0FB829}"
EndProject
Global
	GlobalSection(SolutionConfigurationPlatforms) = preSolution
		Debug|Any CPU = Debug|Any CPU
		Release|Any CPU = Release|Any CPU
	EndGlobalSection
	GlobalSection(ProjectConfigurationPlatforms) = postSolution
		{B38BE960-C5E3-409A-BEEE-5493EF0FB829}.Debug|Any CPU.ActiveCfg = Debug|Any CPU
		{B38BE960-C5E3-409A-BEEE-5493EF0FB829}.Debug|Any CPU.Build.0 = Debug|Any CPU
		{B38BE960-C5E3-409A-BEEE-5493EF0FB829}.Release|Any CPU.ActiveCfg = Release|Any CPU
		{B38BE960-C5E3-409A-BEEE-5493EF0FB829}.Release|Any CPU.Build.0 = Release|Any CPU
	EndGlobalSection
	GlobalSection(SolutionProperties) = preSolution
		HideSolutionNode = FALSE
	EndGlobalSection
	GlobalSection(ExtensibilityGlobals) = postSolution
		SolutionGuid = {0B3E4870-2381-450C-954D-A133ABF2DC60}
	EndGlobalSection
EndGlobal
